
Microsoft Visual Studio Solution File, Format Version 12.00
# Visual Studio 15
VisualStudioVersion = 15.0.28307.1145
MinimumVisualStudioVersion = 10.0.40219.1
Project("{FAE04EC0-301F-11D3-BF4B-00C04F79EFBC}") = "WebApplication1", "WebApplication1\WebApplication1.csproj", "{2850B220-C669-45F5-A3A7-110C5C9CFCFF}"
EndProject
Project("{FAE04EC0-301F-11D3-BF4B-00C04F79EFBC}") = "WebApplication2", "WebApplication2\WebApplication2.csproj", "{EF81A488-FE64-46BD-B549-EDE9A2E8A951}"
EndProject
Global
	GlobalSection(SolutionConfigurationPlatforms) = preSolution
		Debug|Any CPU = Debug|Any CPU
		Release|Any CPU = Release|Any CPU
	EndGlobalSection
	GlobalSection(ProjectConfigurationPlatforms) = postSolution
		{2850B220-C669-45F5-A3A7-110C5C9CFCFF}.Debug|Any CPU.ActiveCfg = Debug|Any CPU
		{2850B220-C669-45F5-A3A7-110C5C9CFCFF}.Debug|Any CPU.Build.0 = Debug|Any CPU
		{2850B220-C669-45F5-A3A7-110C5C9CFCFF}.Release|Any CPU.ActiveCfg = Release|Any CPU
		{2850B220-C669-45F5-A3A7-110C5C9CFCFF}.Release|Any CPU.Build.0 = Release|Any CPU
		{EF81A488-FE64-46BD-B549-EDE9A2E8A951}.Debug|Any CPU.ActiveCfg = Debug|Any CPU
		{EF81A488-FE64-46BD-B549-EDE9A2E8A951}.Debug|Any CPU.Build.0 = Debug|Any CPU
		{EF81A488-FE64-46BD-B549-EDE9A2E8A951}.Release|Any CPU.ActiveCfg = Release|Any CPU
		{EF81A488-FE64-46BD-B549-EDE9A2E8A951}.Release|Any CPU.Build.0 = Release|Any CPU
	EndGlobalSection
	GlobalSection(SolutionProperties) = preSolution
		HideSolutionNode = FALSE
	EndGlobalSection
	GlobalSection(ExtensibilityGlobals) = postSolution
		SolutionGuid = {BD2C07DE-D9A6-48B8-8EA3-10C697A1791B}
	EndGlobalSection
EndGlobal
